# Auto-generated by mcpp. Do not edit by hand.
version = 1

[package."mbedtls"]
version = "3.6.1"
source  = "mcpp-index+https://github.com/mcpp-community/mcpp-index.git"
hash    = "sha256:<from-xlings>"

[package."mcpplibs.tinyhttps"]
version = "0.2.1"
source  = "mcpp-index+https://github.com/mcpp-community/mcpp-index.git"
hash    = "sha256:<from-xlings>"

